
Microsoft Visual Studio Solution File, Format Version 12.00
# Visual Studio 15
VisualStudioVersion = 15.0.28010.2036
MinimumVisualStudioVersion = 10.0.40219.1
Project("{FAE04EC0-301F-11D3-BF4B-00C04F79EFBC}") = "lab08-manhattan", "lab08-manhattan\lab08-manhattan.csproj", "{7144C912-CEA0-46A7-A5C3-FAF5BC9DAA6E}"
EndProject
Global
	GlobalSection(SolutionConfigurationPlatforms) = preSolution
		Debug|Any CPU = Debug|Any CPU
		Release|Any CPU = Release|Any CPU
	EndGlobalSection
	GlobalSection(ProjectConfigurationPlatforms) = postSolution
		{7144C912-CEA0-46A7-A5C3-FAF5BC9DAA6E}.Debug|Any CPU.ActiveCfg = Debug|Any CPU
		{7144C912-CEA0-46A7-A5C3-FAF5BC9DAA6E}.Debug|Any CPU.Build.0 = Debug|Any CPU
		{7144C912-CEA0-46A7-A5C3-FAF5BC9DAA6E}.Release|Any CPU.ActiveCfg = Release|Any CPU
		{7144C912-CEA0-46A7-A5C3-FAF5BC9DAA6E}.Release|Any CPU.Build.0 = Release|Any CPU
	EndGlobalSection
	GlobalSection(SolutionProperties) = preSolution
		HideSolutionNode = FALSE
	EndGlobalSection
	GlobalSection(ExtensibilityGlobals) = postSolution
		SolutionGuid = {16B3F6EB-022A-45E3-AA03-1978B5FD3B5D}
	EndGlobalSection
EndGlobal
